{
  "requires": true,
  "lockfileVersion": 1,
  "dependencies": {
    "@types/hapi__joi": {
      "version": "17.1.4",
      "resolved": "https://registry.npmjs.org/@types/hapi__joi/-/hapi__joi-17.1.4.tgz",
      "integrity": "sha512-gqY3TeTyZvnyNhM02HgyCIoGIWsTFMnuzMfnD8evTsr1KIfueGJaz+QC77j+dFvhZ5cJArUNjDRHUjPxNohzGA=="
    }
  }
}
